
Microsoft Visual Studio Solution File, Format Version 12.00
# Visual Studio 15
VisualStudioVersion = 15.0.27130.2026
MinimumVisualStudioVersion = 10.0.40219.1
Project("{FAE04EC0-301F-11D3-BF4B-00C04F79EFBC}") = "DapperExtensionsAspNetCore", "DapperExtensionsAspNetCore\DapperExtensionsAspNetCore.csproj", "{EF88F7A9-03C5-483D-9175-2FCEA0C529CA}"
EndProject
Global
	GlobalSection(SolutionConfigurationPlatforms) = preSolution
		Debug|Any CPU = Debug|Any CPU
		Release|Any CPU = Release|Any CPU
	EndGlobalSection
	GlobalSection(ProjectConfigurationPlatforms) = postSolution
		{EF88F7A9-03C5-483D-9175-2FCEA0C529CA}.Debug|Any CPU.ActiveCfg = Debug|Any CPU
		{EF88F7A9-03C5-483D-9175-2FCEA0C529CA}.Debug|Any CPU.Build.0 = Debug|Any CPU
		{EF88F7A9-03C5-483D-9175-2FCEA0C529CA}.Release|Any CPU.ActiveCfg = Release|Any CPU
		{EF88F7A9-03C5-483D-9175-2FCEA0C529CA}.Release|Any CPU.Build.0 = Release|Any CPU
	EndGlobalSection
	GlobalSection(SolutionProperties) = preSolution
		HideSolutionNode = FALSE
	EndGlobalSection
	GlobalSection(ExtensibilityGlobals) = postSolution
		SolutionGuid = {CEB4F608-58D7-484B-9781-01AA6E17B0C7}
	EndGlobalSection
EndGlobal
